// !$*UTF8*$!
{
	archiveVersion = 1;
	classes = {
	};
	objectVersion = 48;
	objects = {

/* Begin PBXBuildFile section */
		8259FD26204BCF99003CEE13 /* AppDelegate.m in Sources */ = {isa = PBXBuildFile; fileRef = 8259FD25204BCF99003CEE13 /* AppDelegate.m */; };
		8259FD29204BCF99003CEE13 /* ViewController.m in Sources */ = {isa = PBXBuildFile; fileRef = 8259FD28204BCF99003CEE13 /* ViewController.m */; };
		8259FD2C204BCF9A003CEE13 /* Main.storyboard in Resources */ = {isa = PBXBuildFile; fileRef = 8259FD2A204BCF9A003CEE13 /* Main.storyboard */; };
		8259FD2E204BCF9A003CEE13 /* Assets.xcassets in Resources */ = {isa = PBXBuildFile; fileRef = 8259FD2D204BCF9A003CEE13 /* Assets.xcassets */; };
		8259FD31204BCF9A003CEE13 /* LaunchScreen.storyboard in Resources */ = {isa = PBXBuildFile; fileRef = 8259FD2F204BCF9A003CEE13 /* LaunchScreen.storyboard */; };
		8259FD34204BCF9A003CEE13 /* main.m in Sources */ = {isa = PBXBuildFile; fileRef = 8259FD33204BCF9A003CEE13 /* main.m */; };
		8295C849204C1E0400E9F3BD /* MyJenkinsTest-Info.plist in Resources */ = {isa = PBXBuildFile; fileRef = 8295C848204C1E0400E9F3BD /* MyJenkinsTest-Info.plist */; };
		BCB9A865D1BEB6E78E7919B5 /* libPods-MyJenkinsTest.a in Frameworks */ = {isa = PBXBuildFile; fileRef = 6B1F63FE0FA72AB2EF1D9FBD /* libPods-MyJenkinsTest.a */; };
/* End PBXBuildFile section */

/* Begin PBXFileReference section */
		180473836AF6493CEBE7D79E /* Pods-MyJenkinsTest.debug.xcconfig */ = {isa = PBXFileReference; includeInIndex = 1; lastKnownFileType = text.xcconfig; name = "Pods-MyJenkinsTest.debug.xcconfig"; path = "Pods/Target Support Files/Pods-MyJenkinsTest/Pods-MyJenkinsTest.debug.xcconfig"; sourceTree = "<group>"; };
		6B1F63FE0FA72AB2EF1D9FBD /* libPods-MyJenkinsTest.a */ = {isa = PBXFileReference; explicitFileType = archive.ar; includeInIndex = 0; path = "libPods-MyJenkinsTest.a"; sourceTree = BUILT_PRODUCTS_DIR; };
		8259FD21204BCF99003CEE13 /* MyJenkinsTest.app */ = {isa = PBXFileReference; explicitFileType = wrapper.application; includeInIndex = 0; path = MyJenkinsTest.app; sourceTree = BUILT_PRODUCTS_DIR; };
		8259FD24204BCF99003CEE13 /* AppDelegate.h */ = {isa = PBXFileReference; lastKnownFileType = sourcecode.c.h; path = AppDelegate.h; sourceTree = "<group>"; };
		8259FD25204BCF99003CEE13 /* AppDelegate.m */ = {isa = PBXFileReference; lastKnownFileType = sourcecode.c.objc; path = AppDelegate.m; sourceTree = "<group>"; };
		8259FD27204BCF99003CEE13 /* ViewController.h */ = {isa = PBXFileReference; lastKnownFileType = sourcecode.c.h; path = ViewController.h; sourceTree = "<group>"; };
		8259FD28204BCF99003CEE13 /* ViewController.m */ = {isa = PBXFileReference; lastKnownFileType = sourcecode.c.objc; path = ViewController.m; sourceTree = "<group>"; };
		8259FD2B204BCF9A003CEE13 /* Base */ = {isa = PBXFileReference; lastKnownFileType = file.storyboard; name = Base; path = Base.lproj/Main.storyboard; sourceTree = "<group>"; };
		8259FD2D204BCF9A003CEE13 /* Assets.xcassets */ = {isa = PBXFileReference; lastKnownFileType = folder.assetcatalog; path = Assets.xcassets; sourceTree = "<group>"; };
		8259FD30204BCF9A003CEE13 /* Base */ = {isa = PBXFileReference; lastKnownFileType = file.storyboard; name = Base; path = Base.lproj/LaunchScreen.storyboard; sourceTree = "<group>"; };
		8259FD33204BCF9A003CEE13 /* main.m */ = {isa = PBXFileReference; lastKnownFileType = sourcecode.c.objc; path = main.m; sourceTree = "<group>"; };
		8295C848204C1E0400E9F3BD /* MyJenkinsTest-Info.plist */ = {isa = PBXFileReference; fileEncoding = 4; lastKnownFileType = text.plist.xml; path = "MyJenkinsTest-Info.plist"; sourceTree = "<group>"; };
		D8C394D22F1D56F59B94D34E /* Pods-MyJenkinsTest.release.xcconfig */ = {isa = PBXFileReference; includeInIndex = 1; lastKnownFileType = text.xcconfig; name = "Pods-MyJenkinsTest.release.xcconfig"; path = "Pods/Target Support Files/Pods-MyJenkinsTest/Pods-MyJenkinsTest.release.xcconfig"; sourceTree = "<group>"; };
/* End PBXFileReference section */

/* Begin PBXFrameworksBuildPhase section */
		8259FD1E204BCF99003CEE13 /* Frameworks */ = {
			isa = PBXFrameworksBuildPhase;
			buildActionMask = 2147483647;
			files = (
				BCB9A865D1BEB6E78E7919B5 /* libPods-MyJenkinsTest.a in Frameworks */,
			);
			runOnlyForDeploymentPostprocessing = 0;
		};
/* End PBXFrameworksBuildPhase section */

/* Begin PBXGroup section */
		7253636B6E838F4E1454A2B3 /* Frameworks */ = {
			isa = PBXGroup;
			children = (
				6B1F63FE0FA72AB2EF1D9FBD /* libPods-MyJenkinsTest.a */,
			);
			name = Frameworks;
			sourceTree = "<group>";
		};
		8259FD18204BCF99003CEE13 = {
			isa = PBXGroup;
			children = (
				8259FD23204BCF99003CEE13 /* MyJenkinsTest */,
				8259FD22204BCF99003CEE13 /* Products */,
				991FC2C6B9704A19A671C900 /* Pods */,
				7253636B6E838F4E1454A2B3 /* Frameworks */,
			);
			sourceTree = "<group>";
		};
		8259FD22204BCF99003CEE13 /* Products */ = {
			isa = PBXGroup;
			children = (
				8259FD21204BCF99003CEE13 /* MyJenkinsTest.app */,
			);
			name = Products;
			sourceTree = "<group>";
		};
		8259FD23204BCF99003CEE13 /* MyJenkinsTest */ = {
			isa = PBXGroup;
			children = (
				8259FD24204BCF99003CEE13 /* AppDelegate.h */,
				8259FD25204BCF99003CEE13 /* AppDelegate.m */,
				8259FD27204BCF99003CEE13 /* ViewController.h */,
				8259FD28204BCF99003CEE13 /* ViewController.m */,
				8259FD2A204BCF9A003CEE13 /* Main.storyboard */,
				8259FD2D204BCF9A003CEE13 /* Assets.xcassets */,
				8259FD2F204BCF9A003CEE13 /* LaunchScreen.storyboard */,
				8295C848204C1E0400E9F3BD /* MyJenkinsTest-Info.plist */,
				8259FD33204BCF9A003CEE13 /* main.m */,
			);
			path = MyJenkinsTest;
			sourceTree = "<group>";
		};
		991FC2C6B9704A19A671C900 /* Pods */ = {
			isa = PBXGroup;
			children = (
				180473836AF6493CEBE7D79E /* Pods-MyJenkinsTest.debug.xcconfig */,
				D8C394D22F1D56F59B94D34E /* Pods-MyJenkinsTest.release.xcconfig */,
			);
			name = Pods;
			sourceTree = "<group>";
		};
/* End PBXGroup section */

/* Begin PBXNativeTarget section */
		8259FD20204BCF99003CEE13 /* MyJenkinsTest */ = {
			isa = PBXNativeTarget;
			buildConfigurationList = 8259FD37204BCF9A003CEE13 /* Build configuration list for PBXNativeTarget "MyJenkinsTest" */;
			buildPhases = (
				920994DA4CD4210268687F40 /* [CP] Check Pods Manifest.lock */,
				8259FD1D204BCF99003CEE13 /* Sources */,
				8259FD1E204BCF99003CEE13 /* Frameworks */,
				8259FD1F204BCF99003CEE13 /* Resources */,
				8B687A75D1FBA9300286DBE1 /* [CP] Embed Pods Frameworks */,
				730BE04D6F5967A5693122DA /* [CP] Copy Pods Resources */,
			);
			buildRules = (
			);
			dependencies = (
			);
			name = MyJenkinsTest;
			productName = MyJenkinsTest;
			productReference = 8259FD21204BCF99003CEE13 /* MyJenkinsTest.app */;
			productType = "com.apple.product-type.application";
		};
/* End PBXNativeTarget section */

/* Begin PBXProject section */
		8259FD19204BCF99003CEE13 /* Project object */ = {
			isa = PBXProject;
			attributes = {
				LastUpgradeCheck = 0910;
				ORGANIZATIONNAME = mucang;
				TargetAttributes = {
					8259FD20204BCF99003CEE13 = {
						CreatedOnToolsVersion = 9.1;
						ProvisioningStyle = Manual;
					};
				};
			};
			buildConfigurationList = 8259FD1C204BCF99003CEE13 /* Build configuration list for PBXProject "MyJenkinsTest" */;
			compatibilityVersion = "Xcode 8.0";
			developmentRegion = en;
			hasScannedForEncodings = 0;
			knownRegions = (
				en,
				Base,
			);
			mainGroup = 8259FD18204BCF99003CEE13;
			productRefGroup = 8259FD22204BCF99003CEE13 /* Products */;
			projectDirPath = "";
			projectRoot = "";
			targets = (
				8259FD20204BCF99003CEE13 /* MyJenkinsTest */,
			);
		};
/* End PBXProject section */

/* Begin PBXResourcesBuildPhase section */
		8259FD1F204BCF99003CEE13 /* Resources */ = {
			isa = PBXResourcesBuildPhase;
			buildActionMask = 2147483647;
			files = (
				8259FD31204BCF9A003CEE13 /* LaunchScreen.storyboard in Resources */,
				8259FD2E204BCF9A003CEE13 /* Assets.xcassets in Resources */,
				8259FD2C204BCF9A003CEE13 /* Main.storyboard in Resources */,
				8295C849204C1E0400E9F3BD /* MyJenkinsTest-Info.plist in Resources */,
			);
			runOnlyForDeploymentPostprocessing = 0;
		};
/* End PBXResourcesBuildPhase section */

/* Begin PBXShellScriptBuildPhase section */
		730BE04D6F5967A5693122DA /* [CP] Copy Pods Resources */ = {
			isa = PBXShellScriptBuildPhase;
			buildActionMask = 2147483647;
			files = (
			);
			inputPaths = (
			);
			name = "[CP] Copy Pods Resources";
			outputPaths = (
			);
			runOnlyForDeploymentPostprocessing = 0;
			shellPath = /bin/sh;
			shellScript = "\"${SRCROOT}/Pods/Target Support Files/Pods-MyJenkinsTest/Pods-MyJenkinsTest-resources.sh\"\n";
			showEnvVarsInLog = 0;
		};
		8B687A75D1FBA9300286DBE1 /* [CP] Embed Pods Frameworks */ = {
			isa = PBXShellScriptBuildPhase;
			buildActionMask = 2147483647;
			files = (
			);
			inputPaths = (
			);
			name = "[CP] Embed Pods Frameworks";
			outputPaths = (
			);
			runOnlyForDeploymentPostprocessing = 0;
			shellPath = /bin/sh;
			shellScript = "\"${SRCROOT}/Pods/Target Support Files/Pods-MyJenkinsTest/Pods-MyJenkinsTest-frameworks.sh\"\n";
			showEnvVarsInLog = 0;
		};
		920994DA4CD4210268687F40 /* [CP] Check Pods Manifest.lock */ = {
			isa = PBXShellScriptBuildPhase;
			buildActionMask = 2147483647;
			files = (
			);
			inputPaths = (
				"${PODS_PODFILE_DIR_PATH}/Podfile.lock",
				"${PODS_ROOT}/Manifest.lock",
			);
			name = "[CP] Check Pods Manifest.lock";
			outputPaths = (
				"$(DERIVED_FILE_DIR)/Pods-MyJenkinsTest-checkManifestLockResult.txt",
			);
			runOnlyForDeploymentPostprocessing = 0;
			shellPath = /bin/sh;
			shellScript = "diff \"${PODS_PODFILE_DIR_PATH}/Podfile.lock\" \"${PODS_ROOT}/Manifest.lock\" > /dev/null\nif [ $? != 0 ] ; then\n    # print error to STDERR\n    echo \"error: The sandbox is not in sync with the Podfile.lock. Run 'pod install' or update your CocoaPods installation.\" >&2\n    exit 1\nfi\n# This output is used by Xcode 'outputs' to avoid re-running this script phase.\necho \"SUCCESS\" > \"${SCRIPT_OUTPUT_FILE_0}\"\n";
			showEnvVarsInLog = 0;
		};
/* End PBXShellScriptBuildPhase section */

/* Begin PBXSourcesBuildPhase section */
		8259FD1D204BCF99003CEE13 /* Sources */ = {
			isa = PBXSourcesBuildPhase;
			buildActionMask = 2147483647;
			files = (
				8259FD29204BCF99003CEE13 /* ViewController.m in Sources */,
				8259FD34204BCF9A003CEE13 /* main.m in Sources */,
				8259FD26204BCF99003CEE13 /* AppDelegate.m in Sources */,
			);
			runOnlyForDeploymentPostprocessing = 0;
		};
/* End PBXSourcesBuildPhase section */

/* Begin PBXVariantGroup section */
		8259FD2A204BCF9A003CEE13 /* Main.storyboard */ = {
			isa = PBXVariantGroup;
			children = (
				8259FD2B204BCF9A003CEE13 /* Base */,
			);
			name = Main.storyboard;
			sourceTree = "<group>";
		};
		8259FD2F204BCF9A003CEE13 /* LaunchScreen.storyboard */ = {
			isa = PBXVariantGroup;
			children = (
				8259FD30204BCF9A003CEE13 /* Base */,
			);
			name = LaunchScreen.storyboard;
			sourceTree = "<group>";
		};
/* End PBXVariantGroup section */

/* Begin XCBuildConfiguration section */
		8259FD35204BCF9A003CEE13 /* Debug */ = {
			isa = XCBuildConfiguration;
			buildSettings = {
				ALWAYS_SEARCH_USER_PATHS = NO;
				CLANG_ANALYZER_NONNULL = YES;
				CLANG_ANALYZER_NUMBER_OBJECT_CONVERSION = YES_AGGRESSIVE;
				CLANG_CXX_LANGUAGE_STANDARD = "gnu++14";
				CLANG_CXX_LIBRARY = "libc++";
				CLANG_ENABLE_MODULES = YES;
				CLANG_ENABLE_OBJC_ARC = YES;
				CLANG_WARN_BLOCK_CAPTURE_AUTORELEASING = YES;
				CLANG_WARN_BOOL_CONVERSION = YES;
				CLANG_WARN_COMMA = YES;
				CLANG_WARN_CONSTANT_CONVERSION = YES;
				CLANG_WARN_DIRECT_OBJC_ISA_USAGE = YES_ERROR;
				CLANG_WARN_DOCUMENTATION_COMMENTS = YES;
				CLANG_WARN_EMPTY_BODY = YES;
				CLANG_WARN_ENUM_CONVERSION = YES;
				CLANG_WARN_INFINITE_RECURSION = YES;
				CLANG_WARN_INT_CONVERSION = YES;
				CLANG_WARN_NON_LITERAL_NULL_CONVERSION = YES;
				CLANG_WARN_OBJC_LITERAL_CONVERSION = YES;
				CLANG_WARN_OBJC_ROOT_CLASS = YES_ERROR;
				CLANG_WARN_RANGE_LOOP_ANALYSIS = YES;
				CLANG_WARN_STRICT_PROTOTYPES = YES;
				CLANG_WARN_SUSPICIOUS_MOVE = YES;
				CLANG_WARN_UNGUARDED_AVAILABILITY = YES_AGGRESSIVE;
				CLANG_WARN_UNREACHABLE_CODE = YES;
				CLANG_WARN__DUPLICATE_METHOD_MATCH = YES;
				CODE_SIGN_IDENTITY = "iPhone Developer";
				COPY_PHASE_STRIP = NO;
				DEBUG_INFORMATION_FORMAT = dwarf;
				ENABLE_STRICT_OBJC_MSGSEND = YES;
				ENABLE_TESTABILITY = YES;
				GCC_C_LANGUAGE_STANDARD = gnu11;
				GCC_DYNAMIC_NO_PIC = NO;
				GCC_NO_COMMON_BLOCKS = YES;
				GCC_OPTIMIZATION_LEVEL = 0;
				GCC_PREPROCESSOR_DEFINITIONS = (
					"DEBUG=1",
					"$(inherited)",
				);
				GCC_WARN_64_TO_32_BIT_CONVERSION = YES;
				GCC_WARN_ABOUT_RETURN_TYPE = YES_ERROR;
				GCC_WARN_UNDECLARED_SELECTOR = YES;
				GCC_WARN_UNINITIALIZED_AUTOS = YES_AGGRESSIVE;
				GCC_WARN_UNUSED_FUNCTION = YES;
				GCC_WARN_UNUSED_VARIABLE = YES;
				IPHONEOS_DEPLOYMENT_TARGET = 8.0;
				MTL_ENABLE_DEBUG_INFO = YES;
				ONLY_ACTIVE_ARCH = YES;
				SDKROOT = iphoneos;
			};
			name = Debug;
		};
		8259FD36204BCF9A003CEE13 /* Release */ = {
			isa = XCBuildConfiguration;
			buildSettings = {
				ALWAYS_SEARCH_USER_PATHS = NO;
				CLANG_ANALYZER_NONNULL = YES;
				CLANG_ANALYZER_NUMBER_OBJECT_CONVERSION = YES_AGGRESSIVE;
				CLANG_CXX_LANGUAGE_STANDARD = "gnu++14";
				CLANG_CXX_LIBRARY = "libc++";
				CLANG_ENABLE_MODULES = YES;
				CLANG_ENABLE_OBJC_ARC = YES;
				CLANG_WARN_BLOCK_CAPTURE_AUTORELEASING = YES;
				CLANG_WARN_BOOL_CONVERSION = YES;
				CLANG_WARN_COMMA = YES;
				CLANG_WARN_CONSTANT_CONVERSION = YES;
				CLANG_WARN_DIRECT_OBJC_ISA_USAGE = YES_ERROR;
				CLANG_WARN_DOCUMENTATION_COMMENTS = YES;
				CLANG_WARN_EMPTY_BODY = YES;
				CLANG_WARN_ENUM_CONVERSION = YES;
				CLANG_WARN_INFINITE_RECURSION = YES;
				CLANG_WARN_INT_CONVERSION = YES;
				CLANG_WARN_NON_LITERAL_NULL_CONVERSION = YES;
				CLANG_WARN_OBJC_LITERAL_CONVERSION = YES;
				CLANG_WARN_OBJC_ROOT_CLASS = YES_ERROR;
				CLANG_WARN_RANGE_LOOP_ANALYSIS = YES;
				CLANG_WARN_STRICT_PROTOTYPES = YES;
				CLANG_WARN_SUSPICIOUS_MOVE = YES;
				CLANG_WARN_UNGUARDED_AVAILABILITY = YES_AGGRESSIVE;
				CLANG_WARN_UNREACHABLE_CODE = YES;
				CLANG_WARN__DUPLICATE_METHOD_MATCH = YES;
				CODE_SIGN_IDENTITY = "iPhone Developer";
				COPY_PHASE_STRIP = NO;
				DEBUG_INFORMATION_FORMAT = "dwarf-with-dsym";
				ENABLE_NS_ASSERTIONS = NO;
				ENABLE_STRICT_OBJC_MSGSEND = YES;
				GCC_C_LANGUAGE_STANDARD = gnu11;
				GCC_NO_COMMON_BLOCKS = YES;
				GCC_WARN_64_TO_32_BIT_CONVERSION = YES;
				GCC_WARN_ABOUT_RETURN_TYPE = YES_ERROR;
				GCC_WARN_UNDECLARED_SELECTOR = YES;
				GCC_WARN_UNINITIALIZED_AUTOS = YES_AGGRESSIVE;
				GCC_WARN_UNUSED_FUNCTION = YES;
				GCC_WARN_UNUSED_VARIABLE = YES;
				IPHONEOS_DEPLOYMENT_TARGET = 8.0;
				MTL_ENABLE_DEBUG_INFO = NO;
				SDKROOT = iphoneos;
				VALIDATE_PRODUCT = YES;
			};
			name = Release;
		};
		8259FD38204BCF9A003CEE13 /* Debug */ = {
			isa = XCBuildConfiguration;
			baseConfigurationReference = 180473836AF6493CEBE7D79E /* Pods-MyJenkinsTest.debug.xcconfig */;
			buildSettings = {
				ASSETCATALOG_COMPILER_APPICON_NAME = AppIcon;
				CODE_SIGN_IDENTITY = "iPhone Developer: jiang yinghao (Z3ZY8BDF3Y)";
				"CODE_SIGN_IDENTITY[sdk=iphoneos*]" = "iPhone Developer";
				CODE_SIGN_STYLE = Manual;
				DEVELOPMENT_TEAM = "";
				INFOPLIST_FILE = "MyJenkinsTest/MyJenkinsTest-Info.plist";
				IPHONEOS_DEPLOYMENT_TARGET = 8.0;
				LD_RUNPATH_SEARCH_PATHS = "$(inherited) @executable_path/Frameworks";
				PRODUCT_BUNDLE_IDENTIFIER = cn.mucang.ios.jiakaobaodianhuoche;
				PRODUCT_NAME = "$(TARGET_NAME)";
				PROVISIONING_PROFILE = "";
				PROVISIONING_PROFILE_SPECIFIER = "";
				TARGETED_DEVICE_FAMILY = "1,2";
			};
			name = Debug;
		};
		8259FD39204BCF9A003CEE13 /* Release */ = {
			isa = XCBuildConfiguration;
			baseConfigurationReference = D8C394D22F1D56F59B94D34E /* Pods-MyJenkinsTest.release.xcconfig */;
			buildSettings = {
				ASSETCATALOG_COMPILER_APPICON_NAME = AppIcon;
				CODE_SIGN_IDENTITY = "iPhone Distribution: JIANG YINGHAO (VY36DAXN9S)";
				"CODE_SIGN_IDENTITY[sdk=iphoneos*]" = "iPhone Distribution";
				CODE_SIGN_STYLE = Manual;
				DEVELOPMENT_TEAM = VY36DAXN9S;
				INFOPLIST_FILE = "MyJenkinsTest/MyJenkinsTest-Info.plist";
				IPHONEOS_DEPLOYMENT_TARGET = 8.0;
				LD_RUNPATH_SEARCH_PATHS = "$(inherited) @executable_path/Frameworks";
				PRODUCT_BUNDLE_IDENTIFIER = cn.mucang.ios.jiakaobaodianhuoche;
				PRODUCT_NAME = "$(TARGET_NAME)";
				PROVISIONING_PROFILE = "d53a957d-73e0-4880-9a38-96983677537f";
				PROVISIONING_PROFILE_SPECIFIER = "教练宝典AdHoc";
				TARGETED_DEVICE_FAMILY = "1,2";
			};
			name = Release;
		};
/* End XCBuildConfiguration section */

/* Begin XCConfigurationList section */
		8259FD1C204BCF99003CEE13 /* Build configuration list for PBXProject "MyJenkinsTest" */ = {
			isa = XCConfigurationList;
			buildConfigurations = (
				8259FD35204BCF9A003CEE13 /* Debug */,
				8259FD36204BCF9A003CEE13 /* Release */,
			);
			defaultConfigurationIsVisible = 0;
			defaultConfigurationName = Release;
		};
		8259FD37204BCF9A003CEE13 /* Build configuration list for PBXNativeTarget "MyJenkinsTest" */ = {
			isa = XCConfigurationList;
			buildConfigurations = (
				8259FD38204BCF9A003CEE13 /* Debug */,
				8259FD39204BCF9A003CEE13 /* Release */,
			);
			defaultConfigurationIsVisible = 0;
			defaultConfigurationName = Release;
		};
/* End XCConfigurationList section */
	};
	rootObject = 8259FD19204BCF99003CEE13 /* Project object */;
}
